
Microsoft Visual Studio Solution File, Format Version 12.00
# Visual Studio 15
VisualStudioVersion = 15.0.26124.0
MinimumVisualStudioVersion = 15.0.26124.0
Project("{9A19103F-16F7-4668-BE54-9A1E7A4F7556}") = "cart.grain", "services\cart.grain\cart.grain.csproj", "{E6C72C66-D44F-4396-9604-A2903CB331D2}"
EndProject
Project("{9A19103F-16F7-4668-BE54-9A1E7A4F7556}") = "cart.grain.interface", "services\cart.grain.interface\cart.grain.interface.csproj", "{4CE581DA-20F3-44D4-B314-20AA27B22DBF}"
EndProject
Project("{9A19103F-16F7-4668-BE54-9A1E7A4F7556}") = "cart.grain.tests", "services\cart.grain.tests\cart.grain.tests.csproj", "{582E63B0-57A9-4F8B-A663-C2B7CE10FAC0}"
EndProject
Project("{9A19103F-16F7-4668-BE54-9A1E7A4F7556}") = "silo", "services\silo\silo.csproj", "{0B5113C6-FE27-416B-AACF-13F1E053D8A8}"
EndProject
Project("{2150E333-8FDC-42A3-9474-1A3956D46DE8}") = "Services", "Services", "{5B8557C4-C595-45BF-9E32-781D5BFECBD9}"
EndProject
Project("{2150E333-8FDC-42A3-9474-1A3956D46DE8}") = "Client", "Client", "{F92A09DF-0FF1-4B14-8A54-E46CB3A0E994}"
EndProject
Project("{9A19103F-16F7-4668-BE54-9A1E7A4F7556}") = "client", "client\client.csproj", "{25EBABC3-C811-45B5-AE04-02A70C4ABCB9}"
EndProject
Project("{9A19103F-16F7-4668-BE54-9A1E7A4F7556}") = "webapi", "services\webapi\webapi.csproj", "{B4BEC2F8-0237-4F4F-BEDE-65DC6363FC07}"
EndProject
Project("{2150E333-8FDC-42A3-9474-1A3956D46DE8}") = "Solution Items", "Solution Items", "{4C375AA8-1606-457D-B14B-BE28ABAC8AD9}"
	ProjectSection(SolutionItems) = preProject
		.dockerignore = .dockerignore
		.gitignore = .gitignore
		build.ps1 = build.ps1
		cloudbuild.yaml = cloudbuild.yaml
		README.md = README.md
		run.ps1 = run.ps1
		silo.dockerfile = silo.dockerfile
		webapi.dockerfile = webapi.dockerfile
	EndProjectSection
EndProject
Project("{9A19103F-16F7-4668-BE54-9A1E7A4F7556}") = "webapi.tests", "services\webapi.tests\webapi.tests.csproj", "{373B1545-BD97-4784-89C4-A48DAB42D4B5}"
EndProject
Global
	GlobalSection(SolutionConfigurationPlatforms) = preSolution
		Debug|Any CPU = Debug|Any CPU
		Debug|x64 = Debug|x64
		Debug|x86 = Debug|x86
		Release|Any CPU = Release|Any CPU
		Release|x64 = Release|x64
		Release|x86 = Release|x86
	EndGlobalSection
	GlobalSection(ProjectConfigurationPlatforms) = postSolution
		{E6C72C66-D44F-4396-9604-A2903CB331D2}.Debug|Any CPU.ActiveCfg = Debug|Any CPU
		{E6C72C66-D44F-4396-9604-A2903CB331D2}.Debug|Any CPU.Build.0 = Debug|Any CPU
		{E6C72C66-D44F-4396-9604-A2903CB331D2}.Debug|x64.ActiveCfg = Debug|Any CPU
		{E6C72C66-D44F-4396-9604-A2903CB331D2}.Debug|x64.Build.0 = Debug|Any CPU
		{E6C72C66-D44F-4396-9604-A2903CB331D2}.Debug|x86.ActiveCfg = Debug|Any CPU
		{E6C72C66-D44F-4396-9604-A2903CB331D2}.Debug|x86.Build.0 = Debug|Any CPU
		{E6C72C66-D44F-4396-9604-A2903CB331D2}.Release|Any CPU.ActiveCfg = Release|Any CPU
		{E6C72C66-D44F-4396-9604-A2903CB331D2}.Release|Any CPU.Build.0 = Release|Any CPU
		{E6C72C66-D44F-4396-9604-A2903CB331D2}.Release|x64.ActiveCfg = Release|Any CPU
		{E6C72C66-D44F-4396-9604-A2903CB331D2}.Release|x64.Build.0 = Release|Any CPU
		{E6C72C66-D44F-4396-9604-A2903CB331D2}.Release|x86.ActiveCfg = Release|Any CPU
		{E6C72C66-D44F-4396-9604-A2903CB331D2}.Release|x86.Build.0 = Release|Any CPU
		{4CE581DA-20F3-44D4-B314-20AA27B22DBF}.Debug|Any CPU.ActiveCfg = Debug|Any CPU
		{4CE581DA-20F3-44D4-B314-20AA27B22DBF}.Debug|Any CPU.Build.0 = Debug|Any CPU
		{4CE581DA-20F3-44D4-B314-20AA27B22DBF}.Debug|x64.ActiveCfg = Debug|Any CPU
		{4CE581DA-20F3-44D4-B314-20AA27B22DBF}.Debug|x64.Build.0 = Debug|Any CPU
		{4CE581DA-20F3-44D4-B314-20AA27B22DBF}.Debug|x86.ActiveCfg = Debug|Any CPU
		{4CE581DA-20F3-44D4-B314-20AA27B22DBF}.Debug|x86.Build.0 = Debug|Any CPU
		{4CE581DA-20F3-44D4-B314-20AA27B22DBF}.Release|Any CPU.ActiveCfg = Release|Any CPU
		{4CE581DA-20F3-44D4-B314-20AA27B22DBF}.Release|Any CPU.Build.0 = Release|Any CPU
		{4CE581DA-20F3-44D4-B314-20AA27B22DBF}.Release|x64.ActiveCfg = Release|Any CPU
		{4CE581DA-20F3-44D4-B314-20AA27B22DBF}.Release|x64.Build.0 = Release|Any CPU
		{4CE581DA-20F3-44D4-B314-20AA27B22DBF}.Release|x86.ActiveCfg = Release|Any CPU
		{4CE581DA-20F3-44D4-B314-20AA27B22DBF}.Release|x86.Build.0 = Release|Any CPU
		{582E63B0-57A9-4F8B-A663-C2B7CE10FAC0}.Debug|Any CPU.ActiveCfg = Debug|Any CPU
		{582E63B0-57A9-4F8B-A663-C2B7CE10FAC0}.Debug|Any CPU.Build.0 = Debug|Any CPU
		{582E63B0-57A9-4F8B-A663-C2B7CE10FAC0}.Debug|x64.ActiveCfg = Debug|Any CPU
		{582E63B0-57A9-4F8B-A663-C2B7CE10FAC0}.Debug|x64.Build.0 = Debug|Any CPU
		{582E63B0-57A9-4F8B-A663-C2B7CE10FAC0}.Debug|x86.ActiveCfg = Debug|Any CPU
		{582E63B0-57A9-4F8B-A663-C2B7CE10FAC0}.Debug|x86.Build.0 = Debug|Any CPU
		{582E63B0-57A9-4F8B-A663-C2B7CE10FAC0}.Release|Any CPU.ActiveCfg = Release|Any CPU
		{582E63B0-57A9-4F8B-A663-C2B7CE10FAC0}.Release|Any CPU.Build.0 = Release|Any CPU
		{582E63B0-57A9-4F8B-A663-C2B7CE10FAC0}.Release|x64.ActiveCfg = Release|Any CPU
		{582E63B0-57A9-4F8B-A663-C2B7CE10FAC0}.Release|x64.Build.0 = Release|Any CPU
		{582E63B0-57A9-4F8B-A663-C2B7CE10FAC0}.Release|x86.ActiveCfg = Release|Any CPU
		{582E63B0-57A9-4F8B-A663-C2B7CE10FAC0}.Release|x86.Build.0 = Release|Any CPU
		{0B5113C6-FE27-416B-AACF-13F1E053D8A8}.Debug|Any CPU.ActiveCfg = Debug|Any CPU
		{0B5113C6-FE27-416B-AACF-13F1E053D8A8}.Debug|Any CPU.Build.0 = Debug|Any CPU
		{0B5113C6-FE27-416B-AACF-13F1E053D8A8}.Debug|x64.ActiveCfg = Debug|Any CPU
		{0B5113C6-FE27-416B-AACF-13F1E053D8A8}.Debug|x64.Build.0 = Debug|Any CPU
		{0B5113C6-FE27-416B-AACF-13F1E053D8A8}.Debug|x86.ActiveCfg = Debug|Any CPU
		{0B5113C6-FE27-416B-AACF-13F1E053D8A8}.Debug|x86.Build.0 = Debug|Any CPU
		{0B5113C6-FE27-416B-AACF-13F1E053D8A8}.Release|Any CPU.ActiveCfg = Release|Any CPU
		{0B5113C6-FE27-416B-AACF-13F1E053D8A8}.Release|Any CPU.Build.0 = Release|Any CPU
		{0B5113C6-FE27-416B-AACF-13F1E053D8A8}.Release|x64.ActiveCfg = Release|Any CPU
		{0B5113C6-FE27-416B-AACF-13F1E053D8A8}.Release|x64.Build.0 = Release|Any CPU
		{0B5113C6-FE27-416B-AACF-13F1E053D8A8}.Release|x86.ActiveCfg = Release|Any CPU
		{0B5113C6-FE27-416B-AACF-13F1E053D8A8}.Release|x86.Build.0 = Release|Any CPU
		{25EBABC3-C811-45B5-AE04-02A70C4ABCB9}.Debug|Any CPU.ActiveCfg = Debug|Any CPU
		{25EBABC3-C811-45B5-AE04-02A70C4ABCB9}.Debug|Any CPU.Build.0 = Debug|Any CPU
		{25EBABC3-C811-45B5-AE04-02A70C4ABCB9}.Debug|x64.ActiveCfg = Debug|Any CPU
		{25EBABC3-C811-45B5-AE04-02A70C4ABCB9}.Debug|x64.Build.0 = Debug|Any CPU
		{25EBABC3-C811-45B5-AE04-02A70C4ABCB9}.Debug|x86.ActiveCfg = Debug|Any CPU
		{25EBABC3-C811-45B5-AE04-02A70C4ABCB9}.Debug|x86.Build.0 = Debug|Any CPU
		{25EBABC3-C811-45B5-AE04-02A70C4ABCB9}.Release|Any CPU.ActiveCfg = Release|Any CPU
		{25EBABC3-C811-45B5-AE04-02A70C4ABCB9}.Release|Any CPU.Build.0 = Release|Any CPU
		{25EBABC3-C811-45B5-AE04-02A70C4ABCB9}.Release|x64.ActiveCfg = Release|Any CPU
		{25EBABC3-C811-45B5-AE04-02A70C4ABCB9}.Release|x64.Build.0 = Release|Any CPU
		{25EBABC3-C811-45B5-AE04-02A70C4ABCB9}.Release|x86.ActiveCfg = Release|Any CPU
		{25EBABC3-C811-45B5-AE04-02A70C4ABCB9}.Release|x86.Build.0 = Release|Any CPU
		{B4BEC2F8-0237-4F4F-BEDE-65DC6363FC07}.Debug|Any CPU.ActiveCfg = Debug|Any CPU
		{B4BEC2F8-0237-4F4F-BEDE-65DC6363FC07}.Debug|Any CPU.Build.0 = Debug|Any CPU
		{B4BEC2F8-0237-4F4F-BEDE-65DC6363FC07}.Debug|x64.ActiveCfg = Debug|Any CPU
		{B4BEC2F8-0237-4F4F-BEDE-65DC6363FC07}.Debug|x64.Build.0 = Debug|Any CPU
		{B4BEC2F8-0237-4F4F-BEDE-65DC6363FC07}.Debug|x86.ActiveCfg = Debug|Any CPU
		{B4BEC2F8-0237-4F4F-BEDE-65DC6363FC07}.Debug|x86.Build.0 = Debug|Any CPU
		{B4BEC2F8-0237-4F4F-BEDE-65DC6363FC07}.Release|Any CPU.ActiveCfg = Release|Any CPU
		{B4BEC2F8-0237-4F4F-BEDE-65DC6363FC07}.Release|Any CPU.Build.0 = Release|Any CPU
		{B4BEC2F8-0237-4F4F-BEDE-65DC6363FC07}.Release|x64.ActiveCfg = Release|Any CPU
		{B4BEC2F8-0237-4F4F-BEDE-65DC6363FC07}.Release|x64.Build.0 = Release|Any CPU
		{B4BEC2F8-0237-4F4F-BEDE-65DC6363FC07}.Release|x86.ActiveCfg = Release|Any CPU
		{B4BEC2F8-0237-4F4F-BEDE-65DC6363FC07}.Release|x86.Build.0 = Release|Any CPU
		{373B1545-BD97-4784-89C4-A48DAB42D4B5}.Debug|Any CPU.ActiveCfg = Debug|Any CPU
		{373B1545-BD97-4784-89C4-A48DAB42D4B5}.Debug|Any CPU.Build.0 = Debug|Any CPU
		{373B1545-BD97-4784-89C4-A48DAB42D4B5}.Debug|x64.ActiveCfg = Debug|Any CPU
		{373B1545-BD97-4784-89C4-A48DAB42D4B5}.Debug|x64.Build.0 = Debug|Any CPU
		{373B1545-BD97-4784-89C4-A48DAB42D4B5}.Debug|x86.ActiveCfg = Debug|Any CPU
		{373B1545-BD97-4784-89C4-A48DAB42D4B5}.Debug|x86.Build.0 = Debug|Any CPU
		{373B1545-BD97-4784-89C4-A48DAB42D4B5}.Release|Any CPU.ActiveCfg = Release|Any CPU
		{373B1545-BD97-4784-89C4-A48DAB42D4B5}.Release|Any CPU.Build.0 = Release|Any CPU
		{373B1545-BD97-4784-89C4-A48DAB42D4B5}.Release|x64.ActiveCfg = Release|Any CPU
		{373B1545-BD97-4784-89C4-A48DAB42D4B5}.Release|x64.Build.0 = Release|Any CPU
		{373B1545-BD97-4784-89C4-A48DAB42D4B5}.Release|x86.ActiveCfg = Release|Any CPU
		{373B1545-BD97-4784-89C4-A48DAB42D4B5}.Release|x86.Build.0 = Release|Any CPU
	EndGlobalSection
	GlobalSection(SolutionProperties) = preSolution
		HideSolutionNode = FALSE
	EndGlobalSection
	GlobalSection(NestedProjects) = preSolution
		{E6C72C66-D44F-4396-9604-A2903CB331D2} = {5B8557C4-C595-45BF-9E32-781D5BFECBD9}
		{4CE581DA-20F3-44D4-B314-20AA27B22DBF} = {5B8557C4-C595-45BF-9E32-781D5BFECBD9}
		{582E63B0-57A9-4F8B-A663-C2B7CE10FAC0} = {5B8557C4-C595-45BF-9E32-781D5BFECBD9}
		{0B5113C6-FE27-416B-AACF-13F1E053D8A8} = {5B8557C4-C595-45BF-9E32-781D5BFECBD9}
		{25EBABC3-C811-45B5-AE04-02A70C4ABCB9} = {F92A09DF-0FF1-4B14-8A54-E46CB3A0E994}
		{B4BEC2F8-0237-4F4F-BEDE-65DC6363FC07} = {5B8557C4-C595-45BF-9E32-781D5BFECBD9}
		{373B1545-BD97-4784-89C4-A48DAB42D4B5} = {5B8557C4-C595-45BF-9E32-781D5BFECBD9}
	EndGlobalSection
	GlobalSection(ExtensibilityGlobals) = postSolution
		SolutionGuid = {1B626B95-B9F5-4DFB-91E8-5DAB88DEB16E}
	EndGlobalSection
EndGlobal
